// !$*UTF8*$!
{
	archiveVersion = 1;
	classes = {
	};
	objectVersion = 77;
	objects = {

/* Begin PBXBuildFile section */
		C3B50EA32CD0509700DDEC1C /* FirebaseAnalytics in Frameworks */ = {isa = PBXBuildFile; productRef = C3B50EA22CD0509700DDEC1C /* FirebaseAnalytics */; };
		C3B50EA52CD0509700DDEC1C /* FirebaseAnalyticsOnDeviceConversion in Frameworks */ = {isa = PBXBuildFile; productRef = C3B50EA42CD0509700DDEC1C /* FirebaseAnalyticsOnDeviceConversion */; };
		C3B50EA72CD0509700DDEC1C /* FirebaseAnalyticsWithoutAdIdSupport in Frameworks */ = {isa = PBXBuildFile; productRef = C3B50EA62CD0509700DDEC1C /* FirebaseAnalyticsWithoutAdIdSupport */; };
		C3B50EA92CD0509700DDEC1C /* FirebaseAppCheck in Frameworks */ = {isa = PBXBuildFile; productRef = C3B50EA82CD0509700DDEC1C /* FirebaseAppCheck */; };
		C3B50EAB2CD0509700DDEC1C /* FirebaseAppDistribution-Beta in Frameworks */ = {isa = PBXBuildFile; productRef = C3B50EAA2CD0509700DDEC1C /* FirebaseAppDistribution-Beta */; };
		C3B50EAD2CD0509700DDEC1C /* FirebaseAuth in Frameworks */ = {isa = PBXBuildFile; productRef = C3B50EAC2CD0509700DDEC1C /* FirebaseAuth */; };
		C3B50EAF2CD0509700DDEC1C /* FirebaseAuthCombine-Community in Frameworks */ = {isa = PBXBuildFile; productRef = C3B50EAE2CD0509700DDEC1C /* FirebaseAuthCombine-Community */; };
		C3B50EB12CD0509700DDEC1C /* FirebaseCore in Frameworks */ = {isa = PBXBuildFile; productRef = C3B50EB02CD0509700DDEC1C /* FirebaseCore */; };
		C3B50EB32CD0509700DDEC1C /* FirebaseCrashlytics in Frameworks */ = {isa = PBXBuildFile; productRef = C3B50EB22CD0509700DDEC1C /* FirebaseCrashlytics */; };
		C3B50EB52CD0509700DDEC1C /* FirebaseDatabase in Frameworks */ = {isa = PBXBuildFile; productRef = C3B50EB42CD0509700DDEC1C /* FirebaseDatabase */; };
		C3B50EB72CD0509700DDEC1C /* FirebaseDynamicLinks in Frameworks */ = {isa = PBXBuildFile; productRef = C3B50EB62CD0509700DDEC1C /* FirebaseDynamicLinks */; };
		C3B50EB92CD0509700DDEC1C /* FirebaseFirestore in Frameworks */ = {isa = PBXBuildFile; productRef = C3B50EB82CD0509700DDEC1C /* FirebaseFirestore */; };
		C3B50EBB2CD0509700DDEC1C /* FirebaseFirestoreCombine-Community in Frameworks */ = {isa = PBXBuildFile; productRef = C3B50EBA2CD0509700DDEC1C /* FirebaseFirestoreCombine-Community */; };
		C3B50EBD2CD0509700DDEC1C /* FirebaseFunctions in Frameworks */ = {isa = PBXBuildFile; productRef = C3B50EBC2CD0509700DDEC1C /* FirebaseFunctions */; };
		C3B50EBF2CD0509700DDEC1C /* FirebaseFunctionsCombine-Community in Frameworks */ = {isa = PBXBuildFile; productRef = C3B50EBE2CD0509700DDEC1C /* FirebaseFunctionsCombine-Community */; };
		C3B50EC12CD0509700DDEC1C /* FirebaseInAppMessaging-Beta in Frameworks */ = {isa = PBXBuildFile; productRef = C3B50EC02CD0509700DDEC1C /* FirebaseInAppMessaging-Beta */; };
		C3B50EC32CD0509700DDEC1C /* FirebaseInstallations in Frameworks */ = {isa = PBXBuildFile; productRef = C3B50EC22CD0509700DDEC1C /* FirebaseInstallations */; };
		C3B50EC52CD0509700DDEC1C /* FirebaseMLModelDownloader in Frameworks */ = {isa = PBXBuildFile; productRef = C3B50EC42CD0509700DDEC1C /* FirebaseMLModelDownloader */; };
		C3B50EC72CD0509700DDEC1C /* FirebaseMessaging in Frameworks */ = {isa = PBXBuildFile; productRef = C3B50EC62CD0509700DDEC1C /* FirebaseMessaging */; };
		C3B50EC92CD0509700DDEC1C /* FirebasePerformance in Frameworks */ = {isa = PBXBuildFile; productRef = C3B50EC82CD0509700DDEC1C /* FirebasePerformance */; };
		C3B50ECB2CD0509700DDEC1C /* FirebaseRemoteConfig in Frameworks */ = {isa = PBXBuildFile; productRef = C3B50ECA2CD0509700DDEC1C /* FirebaseRemoteConfig */; };
		C3B50ECD2CD0509700DDEC1C /* FirebaseStorage in Frameworks */ = {isa = PBXBuildFile; productRef = C3B50ECC2CD0509700DDEC1C /* FirebaseStorage */; };
		C3B50ECF2CD0509700DDEC1C /* FirebaseStorageCombine-Community in Frameworks */ = {isa = PBXBuildFile; productRef = C3B50ECE2CD0509700DDEC1C /* FirebaseStorageCombine-Community */; };
		C3B50ED12CD0509700DDEC1C /* FirebaseVertexAI in Frameworks */ = {isa = PBXBuildFile; productRef = C3B50ED02CD0509700DDEC1C /* FirebaseVertexAI */; };
		C3FF49762CFD44D800E523D6 /* DZNEmptyDataSet in Frameworks */ = {isa = PBXBuildFile; productRef = C3FF49752CFD44D800E523D6 /* DZNEmptyDataSet */; };
/* End PBXBuildFile section */

/* Begin PBXFileReference section */
		C3B50E5D2CD0453C00DDEC1C /* Seyahat Rehberim.app */ = {isa = PBXFileReference; explicitFileType = wrapper.application; includeInIndex = 0; path = "Seyahat Rehberim.app"; sourceTree = BUILT_PRODUCTS_DIR; };
/* End PBXFileReference section */

/* Begin PBXFileSystemSynchronizedBuildFileExceptionSet section */
		C3B50E6F2CD0453E00DDEC1C /* Exceptions for "Seyahat Rehberim" folder in "Seyahat Rehberim" target */ = {
			isa = PBXFileSystemSynchronizedBuildFileExceptionSet;
			membershipExceptions = (
				Info.plist,
			);
			target = C3B50E5C2CD0453C00DDEC1C /* Seyahat Rehberim */;
		};
/* End PBXFileSystemSynchronizedBuildFileExceptionSet section */

/* Begin PBXFileSystemSynchronizedRootGroup section */
		C3B50E5F2CD0453C00DDEC1C /* Seyahat Rehberim */ = {
			isa = PBXFileSystemSynchronizedRootGroup;
			exceptions = (
				C3B50E6F2CD0453E00DDEC1C /* Exceptions for "Seyahat Rehberim" folder in "Seyahat Rehberim" target */,
			);
			path = "Seyahat Rehberim";
			sourceTree = "<group>";
		};
/* End PBXFileSystemSynchronizedRootGroup section */

/* Begin PBXFrameworksBuildPhase section */
		C3B50E5A2CD0453C00DDEC1C /* Frameworks */ = {
			isa = PBXFrameworksBuildPhase;
			buildActionMask = 2147483647;
			files = (
				C3B50EBB2CD0509700DDEC1C /* FirebaseFirestoreCombine-Community in Frameworks */,
				C3B50ED12CD0509700DDEC1C /* FirebaseVertexAI in Frameworks */,
				C3B50EBD2CD0509700DDEC1C /* FirebaseFunctions in Frameworks */,
				C3B50EC92CD0509700DDEC1C /* FirebasePerformance in Frameworks */,
				C3B50ECF2CD0509700DDEC1C /* FirebaseStorageCombine-Community in Frameworks */,
				C3B50ECB2CD0509700DDEC1C /* FirebaseRemoteConfig in Frameworks */,
				C3B50EB52CD0509700DDEC1C /* FirebaseDatabase in Frameworks */,
				C3B50EB72CD0509700DDEC1C /* FirebaseDynamicLinks in Frameworks */,
				C3B50EA92CD0509700DDEC1C /* FirebaseAppCheck in Frameworks */,
				C3B50EAD2CD0509700DDEC1C /* FirebaseAuth in Frameworks */,
				C3B50EA32CD0509700DDEC1C /* FirebaseAnalytics in Frameworks */,
				C3B50EB92CD0509700DDEC1C /* FirebaseFirestore in Frameworks */,
				C3B50EC72CD0509700DDEC1C /* FirebaseMessaging in Frameworks */,
				C3B50EC32CD0509700DDEC1C /* FirebaseInstallations in Frameworks */,
				C3FF49762CFD44D800E523D6 /* DZNEmptyDataSet in Frameworks */,
				C3B50EBF2CD0509700DDEC1C /* FirebaseFunctionsCombine-Community in Frameworks */,
				C3B50EAB2CD0509700DDEC1C /* FirebaseAppDistribution-Beta in Frameworks */,
				C3B50EA72CD0509700DDEC1C /* FirebaseAnalyticsWithoutAdIdSupport in Frameworks */,
				C3B50EC12CD0509700DDEC1C /* FirebaseInAppMessaging-Beta in Frameworks */,
				C3B50EAF2CD0509700DDEC1C /* FirebaseAuthCombine-Community in Frameworks */,
				C3B50EB32CD0509700DDEC1C /* FirebaseCrashlytics in Frameworks */,
				C3B50EC52CD0509700DDEC1C /* FirebaseMLModelDownloader in Frameworks */,
				C3B50ECD2CD0509700DDEC1C /* FirebaseStorage in Frameworks */,
				C3B50EB12CD0509700DDEC1C /* FirebaseCore in Frameworks */,
				C3B50EA52CD0509700DDEC1C /* FirebaseAnalyticsOnDeviceConversion in Frameworks */,
			);
			runOnlyForDeploymentPostprocessing = 0;
		};
/* End PBXFrameworksBuildPhase section */

/* Begin PBXGroup section */
		C3B50E542CD0453C00DDEC1C = {
			isa = PBXGroup;
			children = (
				C3B50E5F2CD0453C00DDEC1C /* Seyahat Rehberim */,
				C3B50E5E2CD0453C00DDEC1C /* Products */,
			);
			sourceTree = "<group>";
		};
		C3B50E5E2CD0453C00DDEC1C /* Products */ = {
			isa = PBXGroup;
			children = (
				C3B50E5D2CD0453C00DDEC1C /* Seyahat Rehberim.app */,
			);
			name = Products;
			sourceTree = "<group>";
		};
/* End PBXGroup section */

/* Begin PBXNativeTarget section */
		C3B50E5C2CD0453C00DDEC1C /* Seyahat Rehberim */ = {
			isa = PBXNativeTarget;
			buildConfigurationList = C3B50E702CD0453E00DDEC1C /* Build configuration list for PBXNativeTarget "Seyahat Rehberim" */;
			buildPhases = (
				C3B50E592CD0453C00DDEC1C /* Sources */,
				C3B50E5A2CD0453C00DDEC1C /* Frameworks */,
				C3B50E5B2CD0453C00DDEC1C /* Resources */,
			);
			buildRules = (
			);
			dependencies = (
			);
			fileSystemSynchronizedGroups = (
				C3B50E5F2CD0453C00DDEC1C /* Seyahat Rehberim */,
			);
			name = "Seyahat Rehberim";
			packageProductDependencies = (
				C3B50EA22CD0509700DDEC1C /* FirebaseAnalytics */,
				C3B50EA42CD0509700DDEC1C /* FirebaseAnalyticsOnDeviceConversion */,
				C3B50EA62CD0509700DDEC1C /* FirebaseAnalyticsWithoutAdIdSupport */,
				C3B50EA82CD0509700DDEC1C /* FirebaseAppCheck */,
				C3B50EAA2CD0509700DDEC1C /* FirebaseAppDistribution-Beta */,
				C3B50EAC2CD0509700DDEC1C /* FirebaseAuth */,
				C3B50EAE2CD0509700DDEC1C /* FirebaseAuthCombine-Community */,
				C3B50EB02CD0509700DDEC1C /* FirebaseCore */,
				C3B50EB22CD0509700DDEC1C /* FirebaseCrashlytics */,
				C3B50EB42CD0509700DDEC1C /* FirebaseDatabase */,
				C3B50EB62CD0509700DDEC1C /* FirebaseDynamicLinks */,
				C3B50EB82CD0509700DDEC1C /* FirebaseFirestore */,
				C3B50EBA2CD0509700DDEC1C /* FirebaseFirestoreCombine-Community */,
				C3B50EBC2CD0509700DDEC1C /* FirebaseFunctions */,
				C3B50EBE2CD0509700DDEC1C /* FirebaseFunctionsCombine-Community */,
				C3B50EC02CD0509700DDEC1C /* FirebaseInAppMessaging-Beta */,
				C3B50EC22CD0509700DDEC1C /* FirebaseInstallations */,
				C3B50EC42CD0509700DDEC1C /* FirebaseMLModelDownloader */,
				C3B50EC62CD0509700DDEC1C /* FirebaseMessaging */,
				C3B50EC82CD0509700DDEC1C /* FirebasePerformance */,
				C3B50ECA2CD0509700DDEC1C /* FirebaseRemoteConfig */,
				C3B50ECC2CD0509700DDEC1C /* FirebaseStorage */,
				C3B50ECE2CD0509700DDEC1C /* FirebaseStorageCombine-Community */,
				C3B50ED02CD0509700DDEC1C /* FirebaseVertexAI */,
				C3FF49752CFD44D800E523D6 /* DZNEmptyDataSet */,
			);
			productName = "Seyahat Rehberim";
			productReference = C3B50E5D2CD0453C00DDEC1C /* Seyahat Rehberim.app */;
			productType = "com.apple.product-type.application";
		};
/* End PBXNativeTarget section */

/* Begin PBXProject section */
		C3B50E552CD0453C00DDEC1C /* Project object */ = {
			isa = PBXProject;
			attributes = {
				BuildIndependentTargetsInParallel = 1;
				LastSwiftUpdateCheck = 1600;
				LastUpgradeCheck = 1600;
				TargetAttributes = {
					C3B50E5C2CD0453C00DDEC1C = {
						CreatedOnToolsVersion = 16.0;
					};
				};
			};
			buildConfigurationList = C3B50E582CD0453C00DDEC1C /* Build configuration list for PBXProject "Seyahat Rehberim" */;
			developmentRegion = en;
			hasScannedForEncodings = 0;
			knownRegions = (
				en,
				Base,
			);
			mainGroup = C3B50E542CD0453C00DDEC1C;
			minimizedProjectReferenceProxies = 1;
			packageReferences = (
				C3B50EA12CD0509700DDEC1C /* XCRemoteSwiftPackageReference "firebase-ios-sdk" */,
				C3FF49742CFD44D800E523D6 /* XCRemoteSwiftPackageReference "DZNEmptyDataSet" */,
			);
			preferredProjectObjectVersion = 77;
			productRefGroup = C3B50E5E2CD0453C00DDEC1C /* Products */;
			projectDirPath = "";
			projectRoot = "";
			targets = (
				C3B50E5C2CD0453C00DDEC1C /* Seyahat Rehberim */,
			);
		};
/* End PBXProject section */

/* Begin PBXResourcesBuildPhase section */
		C3B50E5B2CD0453C00DDEC1C /* Resources */ = {
			isa = PBXResourcesBuildPhase;
			buildActionMask = 2147483647;
			files = (
			);
			runOnlyForDeploymentPostprocessing = 0;
		};
/* End PBXResourcesBuildPhase section */

/* Begin PBXSourcesBuildPhase section */
		C3B50E592CD0453C00DDEC1C /* Sources */ = {
			isa = PBXSourcesBuildPhase;
			buildActionMask = 2147483647;
			files = (
			);
			runOnlyForDeploymentPostprocessing = 0;
		};
/* End PBXSourcesBuildPhase section */

/* Begin XCBuildConfiguration section */
		C3B50E712CD0453E00DDEC1C /* Debug */ = {
			isa = XCBuildConfiguration;
			buildSettings = {
				ASSETCATALOG_COMPILER_APPICON_NAME = AppIcon;
				ASSETCATALOG_COMPILER_GLOBAL_ACCENT_COLOR_NAME = AccentColor;
				CODE_SIGN_IDENTITY = "Apple Development";
				CODE_SIGN_STYLE = Automatic;
				CURRENT_PROJECT_VERSION = 1;
				DEVELOPMENT_TEAM = K5P363RB24;
				GENERATE_INFOPLIST_FILE = YES;
				INFOPLIST_FILE = "Seyahat Rehberim/Info.plist";
				INFOPLIST_KEY_UIApplicationSupportsIndirectInputEvents = YES;
				INFOPLIST_KEY_UILaunchStoryboardName = LaunchScreen;
				INFOPLIST_KEY_UIMainStoryboardFile = Main;
				INFOPLIST_KEY_UISupportedInterfaceOrientations_iPad = "UIInterfaceOrientationPortrait UIInterfaceOrientationPortraitUpsideDown UIInterfaceOrientationLandscapeLeft UIInterfaceOrientationLandscapeRight";
				INFOPLIST_KEY_UISupportedInterfaceOrientations_iPhone = "UIInterfaceOrientationPortrait UIInterfaceOrientationLandscapeLeft UIInterfaceOrientationLandscapeRight";
				LD_RUNPATH_SEARCH_PATHS = (
					"$(inherited)",
					"@executable_path/Frameworks",
				);
				MARKETING_VERSION = 1.0;
				PRODUCT_BUNDLE_IDENTIFIER = "gorkemkaragoz.Seyahat-Rehberim";
				PRODUCT_NAME = "$(TARGET_NAME)";
				PROVISIONING_PROFILE_SPECIFIER = "";
				SWIFT_EMIT_LOC_STRINGS = YES;
				SWIFT_VERSION = 5.0;
				TARGETED_DEVICE_FAMILY = "1,2";
			};
			name = Debug;
		};
		C3B50E722CD0453E00DDEC1C /* Release */ = {
			isa = XCBuildConfiguration;
			buildSettings = {
				ASSETCATALOG_COMPILER_APPICON_NAME = AppIcon;
				ASSETCATALOG_COMPILER_GLOBAL_ACCENT_COLOR_NAME = AccentColor;
				CODE_SIGN_IDENTITY = "Apple Development";
				CODE_SIGN_STYLE = Automatic;
				CURRENT_PROJECT_VERSION = 1;
				DEVELOPMENT_TEAM = K5P363RB24;
				GENERATE_INFOPLIST_FILE = YES;
				INFOPLIST_FILE = "Seyahat Rehberim/Info.plist";
				INFOPLIST_KEY_UIApplicationSupportsIndirectInputEvents = YES;
				INFOPLIST_KEY_UILaunchStoryboardName = LaunchScreen;
				INFOPLIST_KEY_UIMainStoryboardFile = Main;
				INFOPLIST_KEY_UISupportedInterfaceOrientations_iPad = "UIInterfaceOrientationPortrait UIInterfaceOrientationPortraitUpsideDown UIInterfaceOrientationLandscapeLeft UIInterfaceOrientationLandscapeRight";
				INFOPLIST_KEY_UISupportedInterfaceOrientations_iPhone = "UIInterfaceOrientationPortrait UIInterfaceOrientationLandscapeLeft UIInterfaceOrientationLandscapeRight";
				LD_RUNPATH_SEARCH_PATHS = (
					"$(inherited)",
					"@executable_path/Frameworks",
				);
				MARKETING_VERSION = 1.0;
				PRODUCT_BUNDLE_IDENTIFIER = "gorkemkaragoz.Seyahat-Rehberim";
				PRODUCT_NAME = "$(TARGET_NAME)";
				PROVISIONING_PROFILE_SPECIFIER = "";
				SWIFT_EMIT_LOC_STRINGS = YES;
				SWIFT_VERSION = 5.0;
				TARGETED_DEVICE_FAMILY = "1,2";
			};
			name = Release;
		};
		C3B50E732CD0453E00DDEC1C /* Debug */ = {
			isa = XCBuildConfiguration;
			buildSettings = {
				ALWAYS_SEARCH_USER_PATHS = NO;
				ASSETCATALOG_COMPILER_GENERATE_SWIFT_ASSET_SYMBOL_EXTENSIONS = YES;
				CLANG_ANALYZER_NONNULL = YES;
				CLANG_ANALYZER_NUMBER_OBJECT_CONVERSION = YES_AGGRESSIVE;
				CLANG_CXX_LANGUAGE_STANDARD = "gnu++20";
				CLANG_ENABLE_MODULES = YES;
				CLANG_ENABLE_OBJC_ARC = YES;
				CLANG_ENABLE_OBJC_WEAK = YES;
				CLANG_WARN_BLOCK_CAPTURE_AUTORELEASING = YES;
				CLANG_WARN_BOOL_CONVERSION = YES;
				CLANG_WARN_COMMA = YES;
				CLANG_WARN_CONSTANT_CONVERSION = YES;
				CLANG_WARN_DEPRECATED_OBJC_IMPLEMENTATIONS = YES;
				CLANG_WARN_DIRECT_OBJC_ISA_USAGE = YES_ERROR;
				CLANG_WARN_DOCUMENTATION_COMMENTS = YES;
				CLANG_WARN_EMPTY_BODY = YES;
				CLANG_WARN_ENUM_CONVERSION = YES;
				CLANG_WARN_INFINITE_RECURSION = YES;
				CLANG_WARN_INT_CONVERSION = YES;
				CLANG_WARN_NON_LITERAL_NULL_CONVERSION = YES;
				CLANG_WARN_OBJC_IMPLICIT_RETAIN_SELF = YES;
				CLANG_WARN_OBJC_LITERAL_CONVERSION = YES;
				CLANG_WARN_OBJC_ROOT_CLASS = YES_ERROR;
				CLANG_WARN_QUOTED_INCLUDE_IN_FRAMEWORK_HEADER = YES;
				CLANG_WARN_RANGE_LOOP_ANALYSIS = YES;
				CLANG_WARN_STRICT_PROTOTYPES = YES;
				CLANG_WARN_SUSPICIOUS_MOVE = YES;
				CLANG_WARN_UNGUARDED_AVAILABILITY = YES_AGGRESSIVE;
				CLANG_WARN_UNREACHABLE_CODE = YES;
				CLANG_WARN__DUPLICATE_METHOD_MATCH = YES;
				COPY_PHASE_STRIP = NO;
				DEBUG_INFORMATION_FORMAT = dwarf;
				ENABLE_STRICT_OBJC_MSGSEND = YES;
				ENABLE_TESTABILITY = YES;
				ENABLE_USER_SCRIPT_SANDBOXING = YES;
				GCC_C_LANGUAGE_STANDARD = gnu17;
				GCC_DYNAMIC_NO_PIC = NO;
				GCC_NO_COMMON_BLOCKS = YES;
				GCC_OPTIMIZATION_LEVEL = 0;
				GCC_PREPROCESSOR_DEFINITIONS = (
					"DEBUG=1",
					"$(inherited)",
				);
				GCC_WARN_64_TO_32_BIT_CONVERSION = YES;
				GCC_WARN_ABOUT_RETURN_TYPE = YES_ERROR;
				GCC_WARN_UNDECLARED_SELECTOR = YES;
				GCC_WARN_UNINITIALIZED_AUTOS = YES_AGGRESSIVE;
				GCC_WARN_UNUSED_FUNCTION = YES;
				GCC_WARN_UNUSED_VARIABLE = YES;
				IPHONEOS_DEPLOYMENT_TARGET = 18.0;
				LOCALIZATION_PREFERS_STRING_CATALOGS = YES;
				MTL_ENABLE_DEBUG_INFO = INCLUDE_SOURCE;
				MTL_FAST_MATH = YES;
				ONLY_ACTIVE_ARCH = YES;
				SDKROOT = iphoneos;
				SWIFT_ACTIVE_COMPILATION_CONDITIONS = "DEBUG $(inherited)";
				SWIFT_OPTIMIZATION_LEVEL = "-Onone";
			};
			name = Debug;
		};
		C3B50E742CD0453E00DDEC1C /* Release */ = {
			isa = XCBuildConfiguration;
			buildSettings = {
				ALWAYS_SEARCH_USER_PATHS = NO;
				ASSETCATALOG_COMPILER_GENERATE_SWIFT_ASSET_SYMBOL_EXTENSIONS = YES;
				CLANG_ANALYZER_NONNULL = YES;
				CLANG_ANALYZER_NUMBER_OBJECT_CONVERSION = YES_AGGRESSIVE;
				CLANG_CXX_LANGUAGE_STANDARD = "gnu++20";
				CLANG_ENABLE_MODULES = YES;
				CLANG_ENABLE_OBJC_ARC = YES;
				CLANG_ENABLE_OBJC_WEAK = YES;
				CLANG_WARN_BLOCK_CAPTURE_AUTORELEASING = YES;
				CLANG_WARN_BOOL_CONVERSION = YES;
				CLANG_WARN_COMMA = YES;
				CLANG_WARN_CONSTANT_CONVERSION = YES;
				CLANG_WARN_DEPRECATED_OBJC_IMPLEMENTATIONS = YES;
				CLANG_WARN_DIRECT_OBJC_ISA_USAGE = YES_ERROR;
				CLANG_WARN_DOCUMENTATION_COMMENTS = YES;
				CLANG_WARN_EMPTY_BODY = YES;
				CLANG_WARN_ENUM_CONVERSION = YES;
				CLANG_WARN_INFINITE_RECURSION = YES;
				CLANG_WARN_INT_CONVERSION = YES;
				CLANG_WARN_NON_LITERAL_NULL_CONVERSION = YES;
				CLANG_WARN_OBJC_IMPLICIT_RETAIN_SELF = YES;
				CLANG_WARN_OBJC_LITERAL_CONVERSION = YES;
				CLANG_WARN_OBJC_ROOT_CLASS = YES_ERROR;
				CLANG_WARN_QUOTED_INCLUDE_IN_FRAMEWORK_HEADER = YES;
				CLANG_WARN_RANGE_LOOP_ANALYSIS = YES;
				CLANG_WARN_STRICT_PROTOTYPES = YES;
				CLANG_WARN_SUSPICIOUS_MOVE = YES;
				CLANG_WARN_UNGUARDED_AVAILABILITY = YES_AGGRESSIVE;
				CLANG_WARN_UNREACHABLE_CODE = YES;
				CLANG_WARN__DUPLICATE_METHOD_MATCH = YES;
				COPY_PHASE_STRIP = NO;
				DEBUG_INFORMATION_FORMAT = "dwarf-with-dsym";
				ENABLE_NS_ASSERTIONS = NO;
				ENABLE_STRICT_OBJC_MSGSEND = YES;
				ENABLE_USER_SCRIPT_SANDBOXING = YES;
				GCC_C_LANGUAGE_STANDARD = gnu17;
				GCC_NO_COMMON_BLOCKS = YES;
				GCC_WARN_64_TO_32_BIT_CONVERSION = YES;
				GCC_WARN_ABOUT_RETURN_TYPE = YES_ERROR;
				GCC_WARN_UNDECLARED_SELECTOR = YES;
				GCC_WARN_UNINITIALIZED_AUTOS = YES_AGGRESSIVE;
				GCC_WARN_UNUSED_FUNCTION = YES;
				GCC_WARN_UNUSED_VARIABLE = YES;
				IPHONEOS_DEPLOYMENT_TARGET = 18.0;
				LOCALIZATION_PREFERS_STRING_CATALOGS = YES;
				MTL_ENABLE_DEBUG_INFO = NO;
				MTL_FAST_MATH = YES;
				SDKROOT = iphoneos;
				SWIFT_COMPILATION_MODE = wholemodule;
				VALIDATE_PRODUCT = YES;
			};
			name = Release;
		};
/* End XCBuildConfiguration section */

/* Begin XCConfigurationList section */
		C3B50E582CD0453C00DDEC1C /* Build configuration list for PBXProject "Seyahat Rehberim" */ = {
			isa = XCConfigurationList;
			buildConfigurations = (
				C3B50E732CD0453E00DDEC1C /* Debug */,
				C3B50E742CD0453E00DDEC1C /* Release */,
			);
			defaultConfigurationIsVisible = 0;
			defaultConfigurationName = Release;
		};
		C3B50E702CD0453E00DDEC1C /* Build configuration list for PBXNativeTarget "Seyahat Rehberim" */ = {
			isa = XCConfigurationList;
			buildConfigurations = (
				C3B50E712CD0453E00DDEC1C /* Debug */,
				C3B50E722CD0453E00DDEC1C /* Release */,
			);
			defaultConfigurationIsVisible = 0;
			defaultConfigurationName = Release;
		};
/* End XCConfigurationList section */

/* Begin XCRemoteSwiftPackageReference section */
		C3B50EA12CD0509700DDEC1C /* XCRemoteSwiftPackageReference "firebase-ios-sdk" */ = {
			isa = XCRemoteSwiftPackageReference;
			repositoryURL = "https://github.com/firebase/firebase-ios-sdk";
			requirement = {
				kind = upToNextMajorVersion;
				minimumVersion = 11.4.0;
			};
		};
		C3FF49742CFD44D800E523D6 /* XCRemoteSwiftPackageReference "DZNEmptyDataSet" */ = {
			isa = XCRemoteSwiftPackageReference;
			repositoryURL = "https://github.com/dzenbot/DZNEmptyDataSet";
			requirement = {
				branch = master;
				kind = branch;
			};
		};
/* End XCRemoteSwiftPackageReference section */

/* Begin XCSwiftPackageProductDependency section */
		C3B50EA22CD0509700DDEC1C /* FirebaseAnalytics */ = {
			isa = XCSwiftPackageProductDependency;
			package = C3B50EA12CD0509700DDEC1C /* XCRemoteSwiftPackageReference "firebase-ios-sdk" */;
			productName = FirebaseAnalytics;
		};
		C3B50EA42CD0509700DDEC1C /* FirebaseAnalyticsOnDeviceConversion */ = {
			isa = XCSwiftPackageProductDependency;
			package = C3B50EA12CD0509700DDEC1C /* XCRemoteSwiftPackageReference "firebase-ios-sdk" */;
			productName = FirebaseAnalyticsOnDeviceConversion;
		};
		C3B50EA62CD0509700DDEC1C /* FirebaseAnalyticsWithoutAdIdSupport */ = {
			isa = XCSwiftPackageProductDependency;
			package = C3B50EA12CD0509700DDEC1C /* XCRemoteSwiftPackageReference "firebase-ios-sdk" */;
			productName = FirebaseAnalyticsWithoutAdIdSupport;
		};
		C3B50EA82CD0509700DDEC1C /* FirebaseAppCheck */ = {
			isa = XCSwiftPackageProductDependency;
			package = C3B50EA12CD0509700DDEC1C /* XCRemoteSwiftPackageReference "firebase-ios-sdk" */;
			productName = FirebaseAppCheck;
		};
		C3B50EAA2CD0509700DDEC1C /* FirebaseAppDistribution-Beta */ = {
			isa = XCSwiftPackageProductDependency;
			package = C3B50EA12CD0509700DDEC1C /* XCRemoteSwiftPackageReference "firebase-ios-sdk" */;
			productName = "FirebaseAppDistribution-Beta";
		};
		C3B50EAC2CD0509700DDEC1C /* FirebaseAuth */ = {
			isa = XCSwiftPackageProductDependency;
			package = C3B50EA12CD0509700DDEC1C /* XCRemoteSwiftPackageReference "firebase-ios-sdk" */;
			productName = FirebaseAuth;
		};
		C3B50EAE2CD0509700DDEC1C /* FirebaseAuthCombine-Community */ = {
			isa = XCSwiftPackageProductDependency;
			package = C3B50EA12CD0509700DDEC1C /* XCRemoteSwiftPackageReference "firebase-ios-sdk" */;
			productName = "FirebaseAuthCombine-Community";
		};
		C3B50EB02CD0509700DDEC1C /* FirebaseCore */ = {
			isa = XCSwiftPackageProductDependency;
			package = C3B50EA12CD0509700DDEC1C /* XCRemoteSwiftPackageReference "firebase-ios-sdk" */;
			productName = FirebaseCore;
		};
		C3B50EB22CD0509700DDEC1C /* FirebaseCrashlytics */ = {
			isa = XCSwiftPackageProductDependency;
			package = C3B50EA12CD0509700DDEC1C /* XCRemoteSwiftPackageReference "firebase-ios-sdk" */;
			productName = FirebaseCrashlytics;
		};
		C3B50EB42CD0509700DDEC1C /* FirebaseDatabase */ = {
			isa = XCSwiftPackageProductDependency;
			package = C3B50EA12CD0509700DDEC1C /* XCRemoteSwiftPackageReference "firebase-ios-sdk" */;
			productName = FirebaseDatabase;
		};
		C3B50EB62CD0509700DDEC1C /* FirebaseDynamicLinks */ = {
			isa = XCSwiftPackageProductDependency;
			package = C3B50EA12CD0509700DDEC1C /* XCRemoteSwiftPackageReference "firebase-ios-sdk" */;
			productName = FirebaseDynamicLinks;
		};
		C3B50EB82CD0509700DDEC1C /* FirebaseFirestore */ = {
			isa = XCSwiftPackageProductDependency;
			package = C3B50EA12CD0509700DDEC1C /* XCRemoteSwiftPackageReference "firebase-ios-sdk" */;
			productName = FirebaseFirestore;
		};
		C3B50EBA2CD0509700DDEC1C /* FirebaseFirestoreCombine-Community */ = {
			isa = XCSwiftPackageProductDependency;
			package = C3B50EA12CD0509700DDEC1C /* XCRemoteSwiftPackageReference "firebase-ios-sdk" */;
			productName = "FirebaseFirestoreCombine-Community";
		};
		C3B50EBC2CD0509700DDEC1C /* FirebaseFunctions */ = {
			isa = XCSwiftPackageProductDependency;
			package = C3B50EA12CD0509700DDEC1C /* XCRemoteSwiftPackageReference "firebase-ios-sdk" */;
			productName = FirebaseFunctions;
		};
		C3B50EBE2CD0509700DDEC1C /* FirebaseFunctionsCombine-Community */ = {
			isa = XCSwiftPackageProductDependency;
			package = C3B50EA12CD0509700DDEC1C /* XCRemoteSwiftPackageReference "firebase-ios-sdk" */;
			productName = "FirebaseFunctionsCombine-Community";
		};
		C3B50EC02CD0509700DDEC1C /* FirebaseInAppMessaging-Beta */ = {
			isa = XCSwiftPackageProductDependency;
			package = C3B50EA12CD0509700DDEC1C /* XCRemoteSwiftPackageReference "firebase-ios-sdk" */;
			productName = "FirebaseInAppMessaging-Beta";
		};
		C3B50EC22CD0509700DDEC1C /* FirebaseInstallations */ = {
			isa = XCSwiftPackageProductDependency;
			package = C3B50EA12CD0509700DDEC1C /* XCRemoteSwiftPackageReference "firebase-ios-sdk" */;
			productName = FirebaseInstallations;
		};
		C3B50EC42CD0509700DDEC1C /* FirebaseMLModelDownloader */ = {
			isa = XCSwiftPackageProductDependency;
			package = C3B50EA12CD0509700DDEC1C /* XCRemoteSwiftPackageReference "firebase-ios-sdk" */;
			productName = FirebaseMLModelDownloader;
		};
		C3B50EC62CD0509700DDEC1C /* FirebaseMessaging */ = {
			isa = XCSwiftPackageProductDependency;
			package = C3B50EA12CD0509700DDEC1C /* XCRemoteSwiftPackageReference "firebase-ios-sdk" */;
			productName = FirebaseMessaging;
		};
		C3B50EC82CD0509700DDEC1C /* FirebasePerformance */ = {
			isa = XCSwiftPackageProductDependency;
			package = C3B50EA12CD0509700DDEC1C /* XCRemoteSwiftPackageReference "firebase-ios-sdk" */;
			productName = FirebasePerformance;
		};
		C3B50ECA2CD0509700DDEC1C /* FirebaseRemoteConfig */ = {
			isa = XCSwiftPackageProductDependency;
			package = C3B50EA12CD0509700DDEC1C /* XCRemoteSwiftPackageReference "firebase-ios-sdk" */;
			productName = FirebaseRemoteConfig;
		};
		C3B50ECC2CD0509700DDEC1C /* FirebaseStorage */ = {
			isa = XCSwiftPackageProductDependency;
			package = C3B50EA12CD0509700DDEC1C /* XCRemoteSwiftPackageReference "firebase-ios-sdk" */;
			productName = FirebaseStorage;
		};
		C3B50ECE2CD0509700DDEC1C /* FirebaseStorageCombine-Community */ = {
			isa = XCSwiftPackageProductDependency;
			package = C3B50EA12CD0509700DDEC1C /* XCRemoteSwiftPackageReference "firebase-ios-sdk" */;
			productName = "FirebaseStorageCombine-Community";
		};
		C3B50ED02CD0509700DDEC1C /* FirebaseVertexAI */ = {
			isa = XCSwiftPackageProductDependency;
			package = C3B50EA12CD0509700DDEC1C /* XCRemoteSwiftPackageReference "firebase-ios-sdk" */;
			productName = FirebaseVertexAI;
		};
		C3FF49752CFD44D800E523D6 /* DZNEmptyDataSet */ = {
			isa = XCSwiftPackageProductDependency;
			package = C3FF49742CFD44D800E523D6 /* XCRemoteSwiftPackageReference "DZNEmptyDataSet" */;
			productName = DZNEmptyDataSet;
		};
/* End XCSwiftPackageProductDependency section */
	};
	rootObject = C3B50E552CD0453C00DDEC1C /* Project object */;
}
